Microsoft Visual Studio Solution File, Format Version 12.00
# Visual Studio Version 17
VisualStudioVersion = 17.5.2.0
MinimumVisualStudioVersion = 10.0.40219.1
Project("{FAE04EC0-301F-11D3-BF4B-00C04F79EFBC}") = "ClientQueriesAPI", "ClientQueriesAPI.csproj", "{48DB07F5-5434-8EF7-2226-FB8015B01BD7}"
EndProject
Global
	GlobalSection(SolutionConfigurationPlatforms) = preSolution
		Debug|Any CPU = Debug|Any CPU
		Release|Any CPU = Release|Any CPU
	EndGlobalSection
	GlobalSection(ProjectConfigurationPlatforms) = postSolution
		{48DB07F5-5434-8EF7-2226-FB8015B01BD7}.Debug|Any CPU.ActiveCfg = Debug|Any CPU
		{48DB07F5-5434-8EF7-2226-FB8015B01BD7}.Debug|Any CPU.Build.0 = Debug|Any CPU
		{48DB07F5-5434-8EF7-2226-FB8015B01BD7}.Release|Any CPU.ActiveCfg = Release|Any CPU
		{48DB07F5-5434-8EF7-2226-FB8015B01BD7}.Release|Any CPU.Build.0 = Release|Any CPU
	EndGlobalSection
	GlobalSection(SolutionProperties) = preSolution
		HideSolutionNode = FALSE
	EndGlobalSection
	GlobalSection(ExtensibilityGlobals) = postSolution
		SolutionGuid = {60B5DFD0-6FA7-48A5-8A30-C5221F6B1A4F}
	EndGlobalSection
EndGlobal
